
Microsoft Visual Studio Solution File, Format Version 11.00
# Visual Studio 2010
Project("{FAE04EC0-301F-11D3-BF4B-00C04F79EFBC}") = "Flannel Flow", "Assembly-CSharp.csproj", "{883907FC-3CE0-F8DA-90C0-23CBCDA5435B}"
EndProject
Global
	GlobalSection(SolutionConfigurationPlatforms) = preSolution
		Debug|Any CPU = Debug|Any CPU
		Release|Any CPU = Release|Any CPU
	EndGlobalSection
	GlobalSection(ProjectConfigurationPlatforms) = postSolution
		{883907FC-3CE0-F8DA-90C0-23CBCDA5435B}.Debug|Any CPU.ActiveCfg = Debug|Any CPU
		{883907FC-3CE0-F8DA-90C0-23CBCDA5435B}.Debug|Any CPU.Build.0 = Debug|Any CPU
		{883907FC-3CE0-F8DA-90C0-23CBCDA5435B}.Release|Any CPU.ActiveCfg = Release|Any CPU
		{883907FC-3CE0-F8DA-90C0-23CBCDA5435B}.Release|Any CPU.Build.0 = Release|Any CPU
	EndGlobalSection
	GlobalSection(SolutionProperties) = preSolution
		HideSolutionNode = FALSE
	EndGlobalSection
	GlobalSection(MonoDevelopProperties) = preSolution
		StartupItem = Assembly-CSharp.csproj
	EndGlobalSection
EndGlobal
